
Microsoft Visual Studio Solution File, Format Version 12.00
# Visual Studio Version 17
VisualStudioVersion = 17.5.002.0
MinimumVisualStudioVersion = 10.0.40219.1
Project("{9A19103F-16F7-4668-BE54-9A1E7A4F7556}") = "TestProject", "TestProject.csproj", "{DF679D83-95D3-4F01-98AD-ED6A589642FD}"
EndProject
Global
	GlobalSection(SolutionConfigurationPlatforms) = preSolution
		Debug|Any CPU = Debug|Any CPU
		Release|Any CPU = Release|Any CPU
	EndGlobalSection
	GlobalSection(ProjectConfigurationPlatforms) = postSolution
		{DF679D83-95D3-4F01-98AD-ED6A589642FD}.Debug|Any CPU.ActiveCfg = Debug|Any CPU
		{DF679D83-95D3-4F01-98AD-ED6A589642FD}.Debug|Any CPU.Build.0 = Debug|Any CPU
		{DF679D83-95D3-4F01-98AD-ED6A589642FD}.Release|Any CPU.ActiveCfg = Release|Any CPU
		{DF679D83-95D3-4F01-98AD-ED6A589642FD}.Release|Any CPU.Build.0 = Release|Any CPU
	EndGlobalSection
	GlobalSection(SolutionProperties) = preSolution
		HideSolutionNode = FALSE
	EndGlobalSection
	GlobalSection(ExtensibilityGlobals) = postSolution
		SolutionGuid = {50AFC784-1486-4321-ABF5-EA8C41DAAFD0}
	EndGlobalSection
EndGlobal
